
Microsoft Visual Studio Solution File, Format Version 12.00
# Visual Studio 15
VisualStudioVersion = 15.0.27703.2018
MinimumVisualStudioVersion = 10.0.40219.1
Project("{FAE04EC0-301F-11D3-BF4B-00C04F79EFBC}") = "GuessTheWord", "GuessTheWord\GuessTheWord.csproj", "{BF0662EA-4D33-41EF-971C-1A42E2391766}"
EndProject
Global
	GlobalSection(SolutionConfigurationPlatforms) = preSolution
		Debug|Any CPU = Debug|Any CPU
		Release|Any CPU = Release|Any CPU
	EndGlobalSection
	GlobalSection(ProjectConfigurationPlatforms) = postSolution
		{BF0662EA-4D33-41EF-971C-1A42E2391766}.Debug|Any CPU.ActiveCfg = Debug|Any CPU
		{BF0662EA-4D33-41EF-971C-1A42E2391766}.Debug|Any CPU.Build.0 = Debug|Any CPU
		{BF0662EA-4D33-41EF-971C-1A42E2391766}.Release|Any CPU.ActiveCfg = Release|Any CPU
		{BF0662EA-4D33-41EF-971C-1A42E2391766}.Release|Any CPU.Build.0 = Release|Any CPU
	EndGlobalSection
	GlobalSection(SolutionProperties) = preSolution
		HideSolutionNode = FALSE
	EndGlobalSection
	GlobalSection(ExtensibilityGlobals) = postSolution
		SolutionGuid = {9EA5928C-5617-40E5-A873-EEE61754375B}
	EndGlobalSection
EndGlobal
